
Microsoft Visual Studio Solution File, Format Version 12.00
# Visual Studio 14
VisualStudioVersion = 14.0.25420.1
MinimumVisualStudioVersion = 10.0.40219.1
Project("{FAE04EC0-301F-11D3-BF4B-00C04F79EFBC}") = "TCCService", "TCCService\TCCService.csproj", "{52F20544-68A4-4A1F-B963-0D376305BC54}"
EndProject
Project("{FAE04EC0-301F-11D3-BF4B-00C04F79EFBC}") = "TCCServiceTests2", "TCCServiceTests2\TCCServiceTests2.csproj", "{6AFEE7A1-E50B-40BE-B436-B335E14D6D13}"
EndProject
Project("{FAE04EC0-301F-11D3-BF4B-00C04F79EFBC}") = "TCCServiceTests3", "TCCServiceTests3\TCCServiceTests3.csproj", "{7F2107EB-6D42-482C-A866-5E1CB575D7DF}"
EndProject
Global
	GlobalSection(SolutionConfigurationPlatforms) = preSolution
		Debug|Any CPU = Debug|Any CPU
		Release|Any CPU = Release|Any CPU
	EndGlobalSection
	GlobalSection(ProjectConfigurationPlatforms) = postSolution
		{52F20544-68A4-4A1F-B963-0D376305BC54}.Debug|Any CPU.ActiveCfg = Debug|Any CPU
		{52F20544-68A4-4A1F-B963-0D376305BC54}.Debug|Any CPU.Build.0 = Debug|Any CPU
		{52F20544-68A4-4A1F-B963-0D376305BC54}.Release|Any CPU.ActiveCfg = Release|Any CPU
		{52F20544-68A4-4A1F-B963-0D376305BC54}.Release|Any CPU.Build.0 = Release|Any CPU
		{6AFEE7A1-E50B-40BE-B436-B335E14D6D13}.Debug|Any CPU.ActiveCfg = Debug|Any CPU
		{6AFEE7A1-E50B-40BE-B436-B335E14D6D13}.Debug|Any CPU.Build.0 = Debug|Any CPU
		{6AFEE7A1-E50B-40BE-B436-B335E14D6D13}.Release|Any CPU.ActiveCfg = Release|Any CPU
		{6AFEE7A1-E50B-40BE-B436-B335E14D6D13}.Release|Any CPU.Build.0 = Release|Any CPU
		{7F2107EB-6D42-482C-A866-5E1CB575D7DF}.Debug|Any CPU.ActiveCfg = Debug|Any CPU
		{7F2107EB-6D42-482C-A866-5E1CB575D7DF}.Debug|Any CPU.Build.0 = Debug|Any CPU
		{7F2107EB-6D42-482C-A866-5E1CB575D7DF}.Release|Any CPU.ActiveCfg = Release|Any CPU
		{7F2107EB-6D42-482C-A866-5E1CB575D7DF}.Release|Any CPU.Build.0 = Release|Any CPU
	EndGlobalSection
	GlobalSection(SolutionProperties) = preSolution
		HideSolutionNode = FALSE
	EndGlobalSection
	GlobalSection(ExtensibilityGlobals) = postSolution
		SolutionGuid = {03AAE21B-293F-47D4-BB4E-9A82F89389B7}
	EndGlobalSection
EndGlobal
